# THIS IS AN AUTOGENERATED FILE. DO NOT EDIT THIS FILE DIRECTLY.
# yarn lockfile v1


"@types/react-bootstrap@^0.31.8":
  version "0.31.8"
  resolved "https://registry.yarnpkg.com/@types/react-bootstrap/-/react-bootstrap-0.31.8.tgz#94152e76eed352017ca1f328ba680fde4ebc2a4e"
  dependencies:
    "@types/react" "*"

"@types/react@*":
  version "16.0.25"
  resolved "https://registry.yarnpkg.com/@types/react/-/react-16.0.25.tgz#bf696b83fe480c5e0eff4335ee39ebc95884a1ed"

bootstrap@^3.3.7:
  version "3.3.7"
  resolved "https://registry.yarnpkg.com/bootstrap/-/bootstrap-3.3.7.tgz#5a389394549f23330875a3b150656574f8a9eb71"
